
Microsoft Visual Studio Solution File, Format Version 12.00
# Visual Studio Version 16
VisualStudioVersion = 16.0.31205.134
MinimumVisualStudioVersion = 10.0.40219.1
Project("{FAE04EC0-301F-11D3-BF4B-00C04F79EFBC}") = "WebApiProva1", "WebApiProva1\WebApiProva1.csproj", "{E150D17E-6387-414A-A968-75EEA94660AF}"
EndProject
Global
	GlobalSection(SolutionConfigurationPlatforms) = preSolution
		Debug|Any CPU = Debug|Any CPU
		Release|Any CPU = Release|Any CPU
	EndGlobalSection
	GlobalSection(ProjectConfigurationPlatforms) = postSolution
		{E150D17E-6387-414A-A968-75EEA94660AF}.Debug|Any CPU.ActiveCfg = Debug|Any CPU
		{E150D17E-6387-414A-A968-75EEA94660AF}.Debug|Any CPU.Build.0 = Debug|Any CPU
		{E150D17E-6387-414A-A968-75EEA94660AF}.Release|Any CPU.ActiveCfg = Release|Any CPU
		{E150D17E-6387-414A-A968-75EEA94660AF}.Release|Any CPU.Build.0 = Release|Any CPU
	EndGlobalSection
	GlobalSection(SolutionProperties) = preSolution
		HideSolutionNode = FALSE
	EndGlobalSection
	GlobalSection(ExtensibilityGlobals) = postSolution
		SolutionGuid = {41F4D9DB-D381-41A6-8E9F-6DD90E76239E}
	EndGlobalSection
EndGlobal
